# This file is automatically @generated by Cargo.
# It is not intended for manual editing.
version = 4

[[package]]
name = "ciphr-audit"
version = "0.0.0"

[[package]]
name = "ciphr-cli"
version = "0.0.0"

[[package]]
name = "ciphr-core"
version = "0.0.0"

[[package]]
name = "ciphr-crypto"
version = "0.0.0"

[[package]]
name = "ciphr-policy"
version = "0.0.0"

[[package]]
name = "ciphr-sdk"
version = "0.0.0"

[[package]]
name = "ciphr-server"
version = "0.0.0"

[[package]]
name = "ciphr-store"
version = "0.0.0"
